
Microsoft Visual Studio Solution File, Format Version 12.00
# Visual Studio Version 17
VisualStudioVersion = 17.0.32126.317
MinimumVisualStudioVersion = 10.0.40219.1
Project("{FAE04EC0-301F-11D3-BF4B-00C04F79EFBC}") = "model_binding_tut", "model_binding_tut.csproj", "{1AC0B88D-31C7-4981-B51C-96409DE1D56C}"
EndProject
Global
	GlobalSection(SolutionConfigurationPlatforms) = preSolution
		Debug|Any CPU = Debug|Any CPU
		Release|Any CPU = Release|Any CPU
	EndGlobalSection
	GlobalSection(ProjectConfigurationPlatforms) = postSolution
		{1AC0B88D-31C7-4981-B51C-96409DE1D56C}.Debug|Any CPU.ActiveCfg = Debug|Any CPU
		{1AC0B88D-31C7-4981-B51C-96409DE1D56C}.Debug|Any CPU.Build.0 = Debug|Any CPU
		{1AC0B88D-31C7-4981-B51C-96409DE1D56C}.Release|Any CPU.ActiveCfg = Release|Any CPU
		{1AC0B88D-31C7-4981-B51C-96409DE1D56C}.Release|Any CPU.Build.0 = Release|Any CPU
	EndGlobalSection
	GlobalSection(SolutionProperties) = preSolution
		HideSolutionNode = FALSE
	EndGlobalSection
	GlobalSection(ExtensibilityGlobals) = postSolution
		SolutionGuid = {DF438B5C-3D9A-4950-9EBF-B12A3B0C0B0A}
	EndGlobalSection
EndGlobal
